// !$*UTF8*$!
{
	archiveVersion = 1;
	classes = {
	};
	objectVersion = 46;
	objects = {

/* Begin PBXBuildFile section */
		A40AB2261BABF5B000DBE971 /* libsqlite3.tbd in Frameworks */ = {isa = PBXBuildFile; fileRef = A40AB2251BABF5B000DBE971 /* libsqlite3.tbd */; };
		A40AB2281BABF65400DBE971 /* libz.tbd in Frameworks */ = {isa = PBXBuildFile; fileRef = A40AB2271BABF65400DBE971 /* libz.tbd */; };
		A40AB22A1BABF66000DBE971 /* libc++.tbd in Frameworks */ = {isa = PBXBuildFile; fileRef = A40AB2291BABF66000DBE971 /* libc++.tbd */; };
		A40AB22C1BABFB2B00DBE971 /* SystemConfiguration.framework in Frameworks */ = {isa = PBXBuildFile; fileRef = A40AB22B1BABFB2B00DBE971 /* SystemConfiguration.framework */; };
		A40AB22E1BABFF3000DBE971 /* WeChatActivity.swift in Sources */ = {isa = PBXBuildFile; fileRef = A40AB22D1BABFF3000DBE971 /* WeChatActivity.swift */; settings = {ASSET_TAGS = (); }; };
		A40F39DB1BBA874B0061E32A /* SpriteComponent.swift in Sources */ = {isa = PBXBuildFile; fileRef = A40F39DA1BBA874B0061E32A /* SpriteComponent.swift */; settings = {ASSET_TAGS = (); }; };
		A40F39E11BBA972C0061E32A /* MazeMap.swift in Sources */ = {isa = PBXBuildFile; fileRef = A40F39E01BBA972C0061E32A /* MazeMap.swift */; settings = {ASSET_TAGS = (); }; };
		A40F39E31BBAC4F30061E32A /* MazeModeScene.swift in Sources */ = {isa = PBXBuildFile; fileRef = A40F39E21BBAC4F30061E32A /* MazeModeScene.swift */; settings = {ASSET_TAGS = (); }; };
		A40F39E51BBAC7BB0061E32A /* PlayerControlComponent.swift in Sources */ = {isa = PBXBuildFile; fileRef = A40F39E41BBAC7BB0061E32A /* PlayerControlComponent.swift */; settings = {ASSET_TAGS = (); }; };
		A4175E7B1B21DF1B00156886 /* Constant.swift in Sources */ = {isa = PBXBuildFile; fileRef = A4175E7A1B21DF1B00156886 /* Constant.swift */; };
		A4175E7D1B21EBBC00156886 /* Extensions.swift in Sources */ = {isa = PBXBuildFile; fileRef = A4175E7C1B21EBBC00156886 /* Extensions.swift */; };
		A4175E7F1B22024F00156886 /* bg_ordinary.mp3 in Resources */ = {isa = PBXBuildFile; fileRef = A4175E7E1B22024F00156886 /* bg_ordinary.mp3 */; };
		A41C07741BC5165B0016CEEF /* magic.sks in Resources */ = {isa = PBXBuildFile; fileRef = A41C07731BC5165B0016CEEF /* magic.sks */; settings = {ASSET_TAGS = (); }; };
		A41C07761BC5196A0016CEEF /* MagicRoad.swift in Sources */ = {isa = PBXBuildFile; fileRef = A41C07751BC5196A0016CEEF /* MagicRoad.swift */; settings = {ASSET_TAGS = (); }; };
		A41CBF541BC911FA00A51569 /* jump_maze.wav in Resources */ = {isa = PBXBuildFile; fileRef = A41CBF531BC911FA00A51569 /* jump_maze.wav */; settings = {ASSET_TAGS = (); }; };
		A41CBF561BC913F200A51569 /* levelup_maze.wav in Resources */ = {isa = PBXBuildFile; fileRef = A41CBF551BC913F200A51569 /* levelup_maze.wav */; settings = {ASSET_TAGS = (); }; };
		A41CBF581BC9150900A51569 /* gameover_maze.wav in Resources */ = {isa = PBXBuildFile; fileRef = A41CBF571BC9150900A51569 /* gameover_maze.wav */; settings = {ASSET_TAGS = (); }; };
		A41CBF5A1BC915A900A51569 /* shield_maze.wav in Resources */ = {isa = PBXBuildFile; fileRef = A41CBF591BC915A900A51569 /* shield_maze.wav */; settings = {ASSET_TAGS = (); }; };
		A41CBF5C1BC91CE700A51569 /* score_zen.wav in Resources */ = {isa = PBXBuildFile; fileRef = A41CBF5B1BC91CE700A51569 /* score_zen.wav */; settings = {ASSET_TAGS = (); }; };
		A41CBF601BC9215900A51569 /* killer_ordinary.wav in Resources */ = {isa = PBXBuildFile; fileRef = A41CBF5F1BC9215900A51569 /* killer_ordinary.wav */; settings = {ASSET_TAGS = (); }; };
		A41CBF621BC9220B00A51569 /* bg_zen.mp3 in Resources */ = {isa = PBXBuildFile; fileRef = A41CBF611BC9220B00A51569 /* bg_zen.mp3 */; settings = {ASSET_TAGS = (); }; };
		A42414AD1BAD600F00DF3879 /* OrdinaryHelpScene.sks in Resources */ = {isa = PBXBuildFile; fileRef = A42414A91BAD600F00DF3879 /* OrdinaryHelpScene.sks */; settings = {ASSET_TAGS = (); }; };
		A42414AE1BAD600F00DF3879 /* ZenHelpScene.sks in Resources */ = {isa = PBXBuildFile; fileRef = A42414AB1BAD600F00DF3879 /* ZenHelpScene.sks */; settings = {ASSET_TAGS = (); }; };
		A424E2F119E78176007FE1C1 /* Background.swift in Sources */ = {isa = PBXBuildFile; fileRef = A424E2F019E78176007FE1C1 /* Background.swift */; };
		A4254A831AF618CF00620AA7 /* OrdinaryModeScene.swift in Sources */ = {isa = PBXBuildFile; fileRef = A4254A821AF618CF00620AA7 /* OrdinaryModeScene.swift */; };
		A4254A871AF6356300620AA7 /* ZenDisplay.swift in Sources */ = {isa = PBXBuildFile; fileRef = A4254A861AF6356300620AA7 /* ZenDisplay.swift */; };
		A4254A891AF6396F00620AA7 /* ZenHelpScene.swift in Sources */ = {isa = PBXBuildFile; fileRef = A4254A881AF6396F00620AA7 /* ZenHelpScene.swift */; };
		A434A14B1976955000F4C94B /* ShareButton.swift in Sources */ = {isa = PBXBuildFile; fileRef = A434A14A1976955000F4C94B /* ShareButton.swift */; };
		A434A14F19769F4600F4C94B /* ReplayButton.swift in Sources */ = {isa = PBXBuildFile; fileRef = A434A14E19769F4600F4C94B /* ReplayButton.swift */; };
		A43522671BA558A40064FFC1 /* GameKitHelper.swift in Sources */ = {isa = PBXBuildFile; fileRef = A43522661BA558A40064FFC1 /* GameKitHelper.swift */; settings = {ASSET_TAGS = (); }; };
		A436ADE31B26EB1300D7F407 /* MotionManager.swift in Sources */ = {isa = PBXBuildFile; fileRef = A436ADE21B26EB1300D7F407 /* MotionManager.swift */; };
		A436ADE51B271FE400D7F407 /* HelpMethods.swift in Sources */ = {isa = PBXBuildFile; fileRef = A436ADE41B271FE400D7F407 /* HelpMethods.swift */; };
		A437599E1B20349200935DE7 /* OrdinaryButton.swift in Sources */ = {isa = PBXBuildFile; fileRef = A437599D1B20349200935DE7 /* OrdinaryButton.swift */; };
		A43759A01B2038D500935DE7 /* ZenButton.swift in Sources */ = {isa = PBXBuildFile; fileRef = A437599F1B2038D500935DE7 /* ZenButton.swift */; };
		A43759A71B20632E00935DE7 /* GameOverIcon.swift in Sources */ = {isa = PBXBuildFile; fileRef = A43759A61B20632E00935DE7 /* GameOverIcon.swift */; };
		A43F9CE11B2C5420001835F5 /* GameScene.swift in Sources */ = {isa = PBXBuildFile; fileRef = A43F9CE01B2C5420001835F5 /* GameScene.swift */; };
		A45320EB1B51427D00CBD634 /* PlayRecordButton.swift in Sources */ = {isa = PBXBuildFile; fileRef = A45320EA1B51427D00CBD634 /* PlayRecordButton.swift */; };
		A45484621BC12AED002D9748 /* MazeButton.swift in Sources */ = {isa = PBXBuildFile; fileRef = A45484611BC12AED002D9748 /* MazeButton.swift */; settings = {ASSET_TAGS = (); }; };
		A45484641BC1469D002D9748 /* MazeDisplay.swift in Sources */ = {isa = PBXBuildFile; fileRef = A45484631BC1469C002D9748 /* MazeDisplay.swift */; settings = {ASSET_TAGS = (); }; };
		A454846A1BC3EF0D002D9748 /* ShapeReapState.swift in Sources */ = {isa = PBXBuildFile; fileRef = A45484691BC3EF0D002D9748 /* ShapeReapState.swift */; settings = {ASSET_TAGS = (); }; };
		A45A65E01986073B00EA40D7 /* SoundManager.swift in Sources */ = {isa = PBXBuildFile; fileRef = A45A65DF1986073B00EA40D7 /* SoundManager.swift */; };
		A45A935C1B2C4FDF00EE4A56 /* gameover_ordinary.wav in Resources */ = {isa = PBXBuildFile; fileRef = A45A93571B2C4FDF00EE4A56 /* gameover_ordinary.wav */; };
		A45A935D1B2C4FDF00EE4A56 /* jump_ordinary.wav in Resources */ = {isa = PBXBuildFile; fileRef = A45A93581B2C4FDF00EE4A56 /* jump_ordinary.wav */; };
		A45A935E1B2C4FDF00EE4A56 /* levelup_ordinary.wav in Resources */ = {isa = PBXBuildFile; fileRef = A45A93591B2C4FDF00EE4A56 /* levelup_ordinary.wav */; };
		A45A935F1B2C4FDF00EE4A56 /* score_ordinary.wav in Resources */ = {isa = PBXBuildFile; fileRef = A45A935A1B2C4FDF00EE4A56 /* score_ordinary.wav */; };
		A45A93601B2C4FDF00EE4A56 /* shield_zen.wav in Resources */ = {isa = PBXBuildFile; fileRef = A45A935B1B2C4FDF00EE4A56 /* shield_zen.wav */; };
		A45A9FA319F3E7250087C192 /* OrdinaryHelpScene.swift in Sources */ = {isa = PBXBuildFile; fileRef = A45A9FA219F3E7250087C192 /* OrdinaryHelpScene.swift */; };
		A45A9FA519F3F1640087C192 /* HelpButton.swift in Sources */ = {isa = PBXBuildFile; fileRef = A45A9FA419F3F1640087C192 /* HelpButton.swift */; };
		A4605B6C19F5235500F8DD96 /* Launch Screen.xib in Resources */ = {isa = PBXBuildFile; fileRef = A4605B6E19F5235500F8DD96 /* Launch Screen.xib */; };
		A46323F01A0263AA00902D3A /* Starcraft Normal.ttf in Resources */ = {isa = PBXBuildFile; fileRef = A46323EE1A02639E00902D3A /* Starcraft Normal.ttf */; };
		A46323F11A0263AA00902D3A /* 颜体.ttf in Resources */ = {isa = PBXBuildFile; fileRef = A46323EF1A02639E00902D3A /* 颜体.ttf */; };
		A469E09F1BC6C7E100CBCB27 /* MazeHelpScene.swift in Sources */ = {isa = PBXBuildFile; fileRef = A469E09E1BC6C7E100CBCB27 /* MazeHelpScene.swift */; settings = {ASSET_TAGS = (); }; };
		A46D8C011976BF9400A32924 /* Shield.swift in Sources */ = {isa = PBXBuildFile; fileRef = A46D8C001976BF9400A32924 /* Shield.swift */; };
		A46D8C031976C3B800A32924 /* ShieldContactVisitor.swift in Sources */ = {isa = PBXBuildFile; fileRef = A46D8C021976C3B800A32924 /* ShieldContactVisitor.swift */; };
		A46E911C1AFF01D200AC1400 /* MainScene.swift in Sources */ = {isa = PBXBuildFile; fileRef = A46E911B1AFF01D200AC1400 /* MainScene.swift */; };
		A478774A197113D000F6F611 /* AppDelegate.swift in Sources */ = {isa = PBXBuildFile; fileRef = A4787749197113D000F6F611 /* AppDelegate.swift */; };
		A4787750197113D000F6F611 /* GameViewController.swift in Sources */ = {isa = PBXBuildFile; fileRef = A478774F197113D000F6F611 /* GameViewController.swift */; };
		A4787753197113D000F6F611 /* Main.storyboard in Resources */ = {isa = PBXBuildFile; fileRef = A4787751197113D000F6F611 /* Main.storyboard */; };
		A4787755197113D000F6F611 /* Images.xcassets in Resources */ = {isa = PBXBuildFile; fileRef = A4787754197113D000F6F611 /* Images.xcassets */; };
		A4787761197113D000F6F611 /* SpiralTests.swift in Sources */ = {isa = PBXBuildFile; fileRef = A4787760197113D000F6F611 /* SpiralTests.swift */; };
		A478776B197113DB00F6F611 /* OrdinaryMap.swift in Sources */ = {isa = PBXBuildFile; fileRef = A478776A197113DB00F6F611 /* OrdinaryMap.swift */; };
		A478777119712E9D00F6F611 /* Shape.swift in Sources */ = {isa = PBXBuildFile; fileRef = A478777019712E9D00F6F611 /* Shape.swift */; };
		A47D3D0D1973DBE4005AF736 /* ContactVisitor.swift in Sources */ = {isa = PBXBuildFile; fileRef = A47D3D0C1973DBE4005AF736 /* ContactVisitor.swift */; };
		A47D3D1619740AA3005AF736 /* PlayerContactVisitor.swift in Sources */ = {isa = PBXBuildFile; fileRef = A47D3D1519740AA3005AF736 /* PlayerContactVisitor.swift */; };
		A47D3D18197415C1005AF736 /* KillerContactVisitor.swift in Sources */ = {isa = PBXBuildFile; fileRef = A47D3D17197415C1005AF736 /* KillerContactVisitor.swift */; };
		A47D3D1A19741859005AF736 /* ScoreContactVisitor.swift in Sources */ = {isa = PBXBuildFile; fileRef = A47D3D1919741859005AF736 /* ScoreContactVisitor.swift */; };
		A47D3D1C19741B04005AF736 /* Killer.swift in Sources */ = {isa = PBXBuildFile; fileRef = A47D3D1B19741B04005AF736 /* Killer.swift */; };
		A47D3D1E19741E54005AF736 /* Score.swift in Sources */ = {isa = PBXBuildFile; fileRef = A47D3D1D19741E54005AF736 /* Score.swift */; };
		A47E78E619F39C4E003D5143 /* vortexShader.fsh in Resources */ = {isa = PBXBuildFile; fileRef = A47E78E519F39C4E003D5143 /* vortexShader.fsh */; };
		A48F921419724822007BDAE4 /* Player.swift in Sources */ = {isa = PBXBuildFile; fileRef = A48F921319724822007BDAE4 /* Player.swift */; };
		A492F6771AF346B2004B040B /* ZenMap.swift in Sources */ = {isa = PBXBuildFile; fileRef = A492F6761AF346B2004B040B /* ZenMap.swift */; };
		A492F6791AF3B0D8004B040B /* Bamboo.swift in Sources */ = {isa = PBXBuildFile; fileRef = A492F6781AF3B0D8004B040B /* Bamboo.swift */; };
		A492F67B1AF3C67C004B040B /* ZenModeScene.swift in Sources */ = {isa = PBXBuildFile; fileRef = A492F67A1AF3C67C004B040B /* ZenModeScene.swift */; };
		A4954FA31BC7CA3400E6D0EE /* MazeHelpScene.sks in Resources */ = {isa = PBXBuildFile; fileRef = A4954FA51BC7CA3400E6D0EE /* MazeHelpScene.sks */; };
		A49B03F81A772AA9009D8F40 /* Tips.swift in Sources */ = {isa = PBXBuildFile; fileRef = A49B03F71A772AA9009D8F40 /* Tips.swift */; };
		A49ECCD21BBA80DF00447A3E /* Entity.swift in Sources */ = {isa = PBXBuildFile; fileRef = A49ECCD11BBA80DF00447A3E /* Entity.swift */; settings = {ASSET_TAGS = (); }; };
		A4A286E81BBBF88700A6CE7F /* IntelligenceComponent.swift in Sources */ = {isa = PBXBuildFile; fileRef = A4A286E71BBBF88700A6CE7F /* IntelligenceComponent.swift */; settings = {ASSET_TAGS = (); }; };
		A4A286ED1BBBFD3C00A6CE7F /* ShapeState.swift in Sources */ = {isa = PBXBuildFile; fileRef = A4A286EC1BBBFD3C00A6CE7F /* ShapeState.swift */; settings = {ASSET_TAGS = (); }; };
		A4A286EF1BBC116700A6CE7F /* ShapeChaseState.swift in Sources */ = {isa = PBXBuildFile; fileRef = A4A286EE1BBC116700A6CE7F /* ShapeChaseState.swift */; settings = {ASSET_TAGS = (); }; };
		A4A286F11BBC119500A6CE7F /* ShapeFleeState.swift in Sources */ = {isa = PBXBuildFile; fileRef = A4A286F01BBC119500A6CE7F /* ShapeFleeState.swift */; settings = {ASSET_TAGS = (); }; };
		A4A286F31BBC11AB00A6CE7F /* ShapeDefeatedState.swift in Sources */ = {isa = PBXBuildFile; fileRef = A4A286F21BBC11AB00A6CE7F /* ShapeDefeatedState.swift */; settings = {ASSET_TAGS = (); }; };
		A4A286F51BBC11BE00A6CE7F /* ShapeRespawnState.swift in Sources */ = {isa = PBXBuildFile; fileRef = A4A286F41BBC11BE00A6CE7F /* ShapeRespawnState.swift */; settings = {ASSET_TAGS = (); }; };
		A4B05A3A19E9642900B303C0 /* spiral.sketch in Resources */ = {isa = PBXBuildFile; fileRef = A4B05A3919E9642900B303C0 /* spiral.sketch */; };
		A4B104B219D6DF01008BD1BA /* bg_maze.mp3 in Resources */ = {isa = PBXBuildFile; fileRef = A4B104B119D6DF01008BD1BA /* bg_maze.mp3 */; };
		A4B104BC19D6F3A0008BD1BA /* shield_ordinary.wav in Resources */ = {isa = PBXBuildFile; fileRef = A4B104BB19D6F3A0008BD1BA /* shield_ordinary.wav */; };
		A4B104BE19D6F5EA008BD1BA /* killer_maze.wav in Resources */ = {isa = PBXBuildFile; fileRef = A4B104BD19D6F5EA008BD1BA /* killer_maze.wav */; };
		A4B2788519EA781C00A2D065 /* GameCenterButton.swift in Sources */ = {isa = PBXBuildFile; fileRef = A4B2788419EA781C00A2D065 /* GameCenterButton.swift */; };
		A4B666AC1BAEBF32005E2E73 /* LICENSE in Resources */ = {isa = PBXBuildFile; fileRef = A4B666AA1BAEBF32005E2E73 /* LICENSE */; settings = {ASSET_TAGS = (); }; };
		A4DCE0281A839E0E00EA39B1 /* Crashlytics.framework in Frameworks */ = {isa = PBXBuildFile; fileRef = A4DCE0261A839E0E00EA39B1 /* Crashlytics.framework */; };
		A4DCE0291A839E0E00EA39B1 /* Fabric.framework in Frameworks */ = {isa = PBXBuildFile; fileRef = A4DCE0271A839E0E00EA39B1 /* Fabric.framework */; };
		A4DF90DD1AF0C92200CD8CEE /* Bamboo.pcvd in Resources */ = {isa = PBXBuildFile; fileRef = A4DF90DC1AF0C92200CD8CEE /* Bamboo.pcvd */; };
		A4E243471B22EC4A00356FCA /* jump_zen.wav in Resources */ = {isa = PBXBuildFile; fileRef = A4E243461B22EC4A00356FCA /* jump_zen.wav */; };
		A4E243491B22EF5900356FCA /* killer_zen.wav in Resources */ = {isa = PBXBuildFile; fileRef = A4E243481B22EF5900356FCA /* killer_zen.wav */; };
		A4E2434B1B22EFC200356FCA /* score_maze.wav in Resources */ = {isa = PBXBuildFile; fileRef = A4E2434A1B22EFC200356FCA /* score_maze.wav */; };
		A4E2434D1B22F04200356FCA /* gameover_zen.wav in Resources */ = {isa = PBXBuildFile; fileRef = A4E2434C1B22F04200356FCA /* gameover_zen.wav */; };
		A4E2434F1B22F2B900356FCA /* levelup_zen.wav in Resources */ = {isa = PBXBuildFile; fileRef = A4E2434E1B22F2B900356FCA /* levelup_zen.wav */; };
		A4E7595019F7B8E600C08783 /* spark.png in Resources */ = {isa = PBXBuildFile; fileRef = A4E7594E19F7B8E600C08783 /* spark.png */; };
		A4E7595A19F7BAD600C08783 /* spark.sks in Resources */ = {isa = PBXBuildFile; fileRef = A4E7595919F7BAD600C08783 /* spark.sks */; };
		A4EEE3B619F6917900A43108 /* libWeChatSDK.a in Frameworks */ = {isa = PBXBuildFile; fileRef = A4EEE3B519F6917900A43108 /* libWeChatSDK.a */; };
		A4F3505019FBA41B00F6B8DF /* Eye.swift in Sources */ = {isa = PBXBuildFile; fileRef = A4F3504F19FBA41B00F6B8DF /* Eye.swift */; };
		A4F3505219FBAD2200F6B8DF /* EyeContactVisitor.swift in Sources */ = {isa = PBXBuildFile; fileRef = A4F3505119FBAD2200F6B8DF /* EyeContactVisitor.swift */; };
		A4F3C60A19E8E990000514AC /* Reaper.swift in Sources */ = {isa = PBXBuildFile; fileRef = A4F3C60919E8E990000514AC /* Reaper.swift */; };
		A4F3C60C19E8EAF7000514AC /* ReaperContactVisitor.swift in Sources */ = {isa = PBXBuildFile; fileRef = A4F3C60B19E8EAF7000514AC /* ReaperContactVisitor.swift */; };
		A4F3C61019E90FFF000514AC /* Rope.swift in Sources */ = {isa = PBXBuildFile; fileRef = A4F3C60F19E90FFF000514AC /* Rope.swift */; };
		A4F8A7A91B528D99007248C1 /* AutoRecordButton.swift in Sources */ = {isa = PBXBuildFile; fileRef = A4F8A7A81B528D99007248C1 /* AutoRecordButton.swift */; };
		A4F92B8719DCF69600C87D0E /* Localizable.strings in Resources */ = {isa = PBXBuildFile; fileRef = A4F92B8919DCF69600C87D0E /* Localizable.strings */; };
		A4FF927019751AA50060CE6D /* VisitablePhysicsBody.swift in Sources */ = {isa = PBXBuildFile; fileRef = A4FF926F19751AA50060CE6D /* VisitablePhysicsBody.swift */; };
		A4FF9274197526830060CE6D /* OrdinaryDisplay.swift in Sources */ = {isa = PBXBuildFile; fileRef = A4FF9273197526830060CE6D /* OrdinaryDisplay.swift */; };
		A4FF9276197529B50060CE6D /* Data.swift in Sources */ = {isa = PBXBuildFile; fileRef = A4FF9275197529B50060CE6D /* Data.swift */; };
/* End PBXBuildFile section */

/* Begin PBXContainerItemProxy section */
		A478775B197113D000F6F611 /* PBXContainerItemProxy */ = {
			isa = PBXContainerItemProxy;
			containerPortal = A478773C197113D000F6F611 /* Project object */;
			proxyType = 1;
			remoteGlobalIDString = A4787743197113D000F6F611;
			remoteInfo = Spiral;
		};
/* End PBXContainerItemProxy section */

/* Begin PBXFileReference section */
		A40AB2251BABF5B000DBE971 /* libsqlite3.tbd */ = {isa = PBXFileReference; lastKnownFileType = "sourcecode.text-based-dylib-definition"; name = libsqlite3.tbd; path = usr/lib/libsqlite3.tbd; sourceTree = SDKROOT; };
		A40AB2271BABF65400DBE971 /* libz.tbd */ = {isa = PBXFileReference; lastKnownFileType = "sourcecode.text-based-dylib-definition"; name = libz.tbd; path = usr/lib/libz.tbd; sourceTree = SDKROOT; };
		A40AB2291BABF66000DBE971 /* libc++.tbd */ = {isa = PBXFileReference; lastKnownFileType = "sourcecode.text-based-dylib-definition"; name = "libc++.tbd"; path = "usr/lib/libc++.tbd"; sourceTree = SDKROOT; };
		A40AB22B1BABFB2B00DBE971 /* SystemConfiguration.framework */ = {isa = PBXFileReference; lastKnownFileType = wrapper.framework; name = SystemConfiguration.framework; path = System/Library/Frameworks/SystemConfiguration.framework; sourceTree = SDKROOT; };
		A40AB22D1BABFF3000DBE971 /* WeChatActivity.swift */ = {isa = PBXFileReference; fileEncoding = 4; lastKnownFileType = sourcecode.swift; path = WeChatActivity.swift; sourceTree = "<group>"; };
		A40F39DA1BBA874B0061E32A /* SpriteComponent.swift */ = {isa = PBXFileReference; fileEncoding = 4; lastKnownFileType = sourcecode.swift; path = SpriteComponent.swift; sourceTree = "<group>"; };
		A40F39E01BBA972C0061E32A /* MazeMap.swift */ = {isa = PBXFileReference; fileEncoding = 4; lastKnownFileType = sourcecode.swift; path = MazeMap.swift; sourceTree = "<group>"; };
		A40F39E21BBAC4F30061E32A /* MazeModeScene.swift */ = {isa = PBXFileReference; fileEncoding = 4; lastKnownFileType = sourcecode.swift; path = MazeModeScene.swift; sourceTree = "<group>"; };
		A40F39E41BBAC7BB0061E32A /* PlayerControlComponent.swift */ = {isa = PBXFileReference; fileEncoding = 4; lastKnownFileType = sourcecode.swift; path = PlayerControlComponent.swift; sourceTree = "<group>"; };
		A4175E7A1B21DF1B00156886 /* Constant.swift */ = {isa = PBXFileReference; fileEncoding = 4; lastKnownFileType = sourcecode.swift; path = Constant.swift; sourceTree = "<group>"; };
		A4175E7C1B21EBBC00156886 /* Extensions.swift */ = {isa = PBXFileReference; fileEncoding = 4; lastKnownFileType = sourcecode.swift; lineEnding = 0; path = Extensions.swift; sourceTree = "<group>"; xcLanguageSpecificationIdentifier = xcode.lang.swift; };
		A4175E7E1B22024F00156886 /* bg_ordinary.mp3 */ = {isa = PBXFileReference; lastKnownFileType = audio.mp3; path = bg_ordinary.mp3; sourceTree = "<group>"; };
		A41C07731BC5165B0016CEEF /* magic.sks */ = {isa = PBXFileReference; lastKnownFileType = file.sks; path = magic.sks; sourceTree = "<group>"; };
		A41C07751BC5196A0016CEEF /* MagicRoad.swift */ = {isa = PBXFileReference; fileEncoding = 4; lastKnownFileType = sourcecode.swift; path = MagicRoad.swift; sourceTree = "<group>"; };
		A41CBF521BC7CAAA00A51569 /* zh-Hans */ = {isa = PBXFileReference; lastKnownFileType = file.sks; name = "zh-Hans"; path = "zh-Hans.lproj/MazeHelpScene.sks"; sourceTree = "<group>"; };
		A41CBF531BC911FA00A51569 /* jump_maze.wav */ = {isa = PBXFileReference; lastKnownFileType = audio.wav; path = jump_maze.wav; sourceTree = "<group>"; };
		A41CBF551BC913F200A51569 /* levelup_maze.wav */ = {isa = PBXFileReference; lastKnownFileType = audio.wav; path = levelup_maze.wav; sourceTree = "<group>"; };
		A41CBF571BC9150900A51569 /* gameover_maze.wav */ = {isa = PBXFileReference; lastKnownFileType = audio.wav; path = gameover_maze.wav; sourceTree = "<group>"; };
		A41CBF591BC915A900A51569 /* shield_maze.wav */ = {isa = PBXFileReference; lastKnownFileType = audio.wav; path = shield_maze.wav; sourceTree = "<group>"; };
		A41CBF5B1BC91CE700A51569 /* score_zen.wav */ = {isa = PBXFileReference; lastKnownFileType = audio.wav; path = score_zen.wav; sourceTree = "<group>"; };
		A41CBF5F1BC9215900A51569 /* killer_ordinary.wav */ = {isa = PBXFileReference; lastKnownFileType = audio.wav; path = killer_ordinary.wav; sourceTree = "<group>"; };
		A41CBF611BC9220B00A51569 /* bg_zen.mp3 */ = {isa = PBXFileReference; lastKnownFileType = audio.mp3; path = bg_zen.mp3; sourceTree = "<group>"; };
		A42414AA1BAD600F00DF3879 /* en */ = {isa = PBXFileReference; lastKnownFileType = file.sks; name = en; path = en.lproj/OrdinaryHelpScene.sks; sourceTree = "<group>"; };
		A42414AC1BAD600F00DF3879 /* en */ = {isa = PBXFileReference; lastKnownFileType = file.sks; name = en; path = en.lproj/ZenHelpScene.sks; sourceTree = "<group>"; };
		A424E2F019E78176007FE1C1 /* Background.swift */ = {isa = PBXFileReference; fileEncoding = 4; lastKnownFileType = sourcecode.swift; lineEnding = 0; path = Background.swift; sourceTree = "<group>"; xcLanguageSpecificationIdentifier = xcode.lang.swift; };
		A4254A821AF618CF00620AA7 /* OrdinaryModeScene.swift */ = {isa = PBXFileReference; fileEncoding = 4; lastKnownFileType = sourcecode.swift; lineEnding = 0; path = OrdinaryModeScene.swift; sourceTree = "<group>"; xcLanguageSpecificationIdentifier = xcode.lang.swift; };
		A4254A861AF6356300620AA7 /* ZenDisplay.swift */ = {isa = PBXFileReference; fileEncoding = 4; lastKnownFileType = sourcecode.swift; lineEnding = 0; path = ZenDisplay.swift; sourceTree = "<group>"; xcLanguageSpecificationIdentifier = xcode.lang.swift; };
		A4254A881AF6396F00620AA7 /* ZenHelpScene.swift */ = {isa = PBXFileReference; fileEncoding = 4; lastKnownFileType = sourcecode.swift; lineEnding = 0; path = ZenHelpScene.swift; sourceTree = "<group>"; xcLanguageSpecificationIdentifier = xcode.lang.swift; };
		A434A14A1976955000F4C94B /* ShareButton.swift */ = {isa = PBXFileReference; fileEncoding = 4; lastKnownFileType = sourcecode.swift; lineEnding = 0; path = ShareButton.swift; sourceTree = "<group>"; xcLanguageSpecificationIdentifier = xcode.lang.swift; };
		A434A14C197696BC00F4C94B /* Social.framework */ = {isa = PBXFileReference; lastKnownFileType = wrapper.framework; name = Social.framework; path = System/Library/Frameworks/Social.framework; sourceTree = SDKROOT; };
		A434A14E19769F4600F4C94B /* ReplayButton.swift */ = {isa = PBXFileReference; fileEncoding = 4; lastKnownFileType = sourcecode.swift; lineEnding = 0; path = ReplayButton.swift; sourceTree = "<group>"; xcLanguageSpecificationIdentifier = xcode.lang.swift; };
		A43522661BA558A40064FFC1 /* GameKitHelper.swift */ = {isa = PBXFileReference; fileEncoding = 4; lastKnownFileType = sourcecode.swift; path = GameKitHelper.swift; sourceTree = "<group>"; };
		A436ADE21B26EB1300D7F407 /* MotionManager.swift */ = {isa = PBXFileReference; fileEncoding = 4; lastKnownFileType = sourcecode.swift; path = MotionManager.swift; sourceTree = "<group>"; };
		A436ADE41B271FE400D7F407 /* HelpMethods.swift */ = {isa = PBXFileReference; fileEncoding = 4; lastKnownFileType = sourcecode.swift; path = HelpMethods.swift; sourceTree = "<group>"; };
		A437599D1B20349200935DE7 /* OrdinaryButton.swift */ = {isa = PBXFileReference; fileEncoding = 4; lastKnownFileType = sourcecode.swift; lineEnding = 0; path = OrdinaryButton.swift; sourceTree = "<group>"; xcLanguageSpecificationIdentifier = xcode.lang.swift; };
		A437599F1B2038D500935DE7 /* ZenButton.swift */ = {isa = PBXFileReference; fileEncoding = 4; lastKnownFileType = sourcecode.swift; lineEnding = 0; path = ZenButton.swift; sourceTree = "<group>"; xcLanguageSpecificationIdentifier = xcode.lang.swift; };
		A43759A61B20632E00935DE7 /* GameOverIcon.swift */ = {isa = PBXFileReference; fileEncoding = 4; lastKnownFileType = sourcecode.swift; lineEnding = 0; path = GameOverIcon.swift; sourceTree = "<group>"; xcLanguageSpecificationIdentifier = xcode.lang.swift; };
		A43EDC971BAD6289003F50A3 /* Base */ = {isa = PBXFileReference; lastKnownFileType = file.sks; name = Base; path = Base.lproj/OrdinaryHelpScene.sks; sourceTree = "<group>"; };
		A43EDC981BAD628E003F50A3 /* zh-Hans */ = {isa = PBXFileReference; lastKnownFileType = file.sks; name = "zh-Hans"; path = "zh-Hans.lproj/OrdinaryHelpScene.sks"; sourceTree = "<group>"; };
		A43EDC991BAD6291003F50A3 /* Base */ = {isa = PBXFileReference; lastKnownFileType = file.sks; name = Base; path = Base.lproj/ZenHelpScene.sks; sourceTree = "<group>"; };
		A43EDC9A1BAD6295003F50A3 /* zh-Hans */ = {isa = PBXFileReference; lastKnownFileType = file.sks; name = "zh-Hans"; path = "zh-Hans.lproj/ZenHelpScene.sks"; sourceTree = "<group>"; };
		A43F9CE01B2C5420001835F5 /* GameScene.swift */ = {isa = PBXFileReference; fileEncoding = 4; lastKnownFileType = sourcecode.swift; path = GameScene.swift; sourceTree = "<group>"; };
		A444B6A91B50E9E10026B0EB /* GameKit.framework */ = {isa = PBXFileReference; lastKnownFileType = wrapper.framework; name = GameKit.framework; path = System/Library/Frameworks/GameKit.framework; sourceTree = SDKROOT; };
		A45320EA1B51427D00CBD634 /* PlayRecordButton.swift */ = {isa = PBXFileReference; fileEncoding = 4; lastKnownFileType = sourcecode.swift; path = PlayRecordButton.swift; sourceTree = "<group>"; };
		A45484611BC12AED002D9748 /* MazeButton.swift */ = {isa = PBXFileReference; fileEncoding = 4; lastKnownFileType = sourcecode.swift; path = MazeButton.swift; sourceTree = "<group>"; };
		A45484631BC1469C002D9748 /* MazeDisplay.swift */ = {isa = PBXFileReference; fileEncoding = 4; lastKnownFileType = sourcecode.swift; path = MazeDisplay.swift; sourceTree = "<group>"; };
		A45484661BC26753002D9748 /* en */ = {isa = PBXFileReference; lastKnownFileType = text.plist.strings; name = en; path = "en.lproj/Launch Screen.strings"; sourceTree = "<group>"; };
		A45484681BC26754002D9748 /* zh-Hans */ = {isa = PBXFileReference; lastKnownFileType = text.plist.strings; name = "zh-Hans"; path = "zh-Hans.lproj/Launch Screen.strings"; sourceTree = "<group>"; };
		A45484691BC3EF0D002D9748 /* ShapeReapState.swift */ = {isa = PBXFileReference; fileEncoding = 4; lastKnownFileType = sourcecode.swift; path = ShapeReapState.swift; sourceTree = "<group>"; };
		A45A65DF1986073B00EA40D7 /* SoundManager.swift */ = {isa = PBXFileReference; fileEncoding = 4; lastKnownFileType = sourcecode.swift; lineEnding = 0; path = SoundManager.swift; sourceTree = "<group>"; xcLanguageSpecificationIdentifier = xcode.lang.swift; };
		A45A93571B2C4FDF00EE4A56 /* gameover_ordinary.wav */ = {isa = PBXFileReference; lastKnownFileType = audio.wav; path = gameover_ordinary.wav; sourceTree = "<group>"; };
		A45A93581B2C4FDF00EE4A56 /* jump_ordinary.wav */ = {isa = PBXFileReference; lastKnownFileType = audio.wav; path = jump_ordinary.wav; sourceTree = "<group>"; };
		A45A93591B2C4FDF00EE4A56 /* levelup_ordinary.wav */ = {isa = PBXFileReference; lastKnownFileType = audio.wav; path = levelup_ordinary.wav; sourceTree = "<group>"; };
		A45A935A1B2C4FDF00EE4A56 /* score_ordinary.wav */ = {isa = PBXFileReference; lastKnownFileType = audio.wav; path = score_ordinary.wav; sourceTree = "<group>"; };
		A45A935B1B2C4FDF00EE4A56 /* shield_zen.wav */ = {isa = PBXFileReference; lastKnownFileType = audio.wav; path = shield_zen.wav; sourceTree = "<group>"; };
		A45A9FA219F3E7250087C192 /* OrdinaryHelpScene.swift */ = {isa = PBXFileReference; fileEncoding = 4; lastKnownFileType = sourcecode.swift; lineEnding = 0; path = OrdinaryHelpScene.swift; sourceTree = "<group>"; xcLanguageSpecificationIdentifier = xcode.lang.swift; };
		A45A9FA419F3F1640087C192 /* HelpButton.swift */ = {isa = PBXFileReference; fileEncoding = 4; lastKnownFileType = sourcecode.swift; lineEnding = 0; path = HelpButton.swift; sourceTree = "<group>"; xcLanguageSpecificationIdentifier = xcode.lang.swift; };
		A4605B6F19F5235700F8DD96 /* Base */ = {isa = PBXFileReference; lastKnownFileType = file.xib; name = Base; path = "Base.lproj/Launch Screen.xib"; sourceTree = "<group>"; };
		A46323EE1A02639E00902D3A /* Starcraft Normal.ttf */ = {isa = PBXFileReference; lastKnownFileType = file; path = "Starcraft Normal.ttf"; sourceTree = "<group>"; };
		A46323EF1A02639E00902D3A /* 颜体.ttf */ = {isa = PBXFileReference; lastKnownFileType = file; path = "颜体.ttf"; sourceTree = "<group>"; };
		A469E09E1BC6C7E100CBCB27 /* MazeHelpScene.swift */ = {isa = PBXFileReference; fileEncoding = 4; lastKnownFileType = sourcecode.swift; path = MazeHelpScene.swift; sourceTree = "<group>"; };
		A46D8C001976BF9400A32924 /* Shield.swift */ = {isa = PBXFileReference; fileEncoding = 4; lastKnownFileType = sourcecode.swift; path = Shield.swift; sourceTree = "<group>"; };
		A46D8C021976C3B800A32924 /* ShieldContactVisitor.swift */ = {isa = PBXFileReference; fileEncoding = 4; lastKnownFileType = sourcecode.swift; path = ShieldContactVisitor.swift; sourceTree = "<group>"; };
		A46E911B1AFF01D200AC1400 /* MainScene.swift */ = {isa = PBXFileReference; fileEncoding = 4; lastKnownFileType = sourcecode.swift; path = MainScene.swift; sourceTree = "<group>"; };
		A4787744197113D000F6F611 /* Spiral.app */ = {isa = PBXFileReference; explicitFileType = wrapper.application; includeInIndex = 0; path = Spiral.app; sourceTree = BUILT_PRODUCTS_DIR; };
		A4787748197113D000F6F611 /* Info.plist */ = {isa = PBXFileReference; lastKnownFileType = text.plist.xml; path = Info.plist; sourceTree = "<group>"; };
		A4787749197113D000F6F611 /* AppDelegate.swift */ = {isa = PBXFileReference; lastKnownFileType = sourcecode.swift; path = AppDelegate.swift; sourceTree = "<group>"; };
		A478774F197113D000F6F611 /* GameViewController.swift */ = {isa = PBXFileReference; lastKnownFileType = sourcecode.swift; lineEnding = 0; path = GameViewController.swift; sourceTree = "<group>"; xcLanguageSpecificationIdentifier = xcode.lang.swift; };
		A4787752197113D000F6F611 /* Base */ = {isa = PBXFileReference; lastKnownFileType = file.storyboard; name = Base; path = Base.lproj/Main.storyboard; sourceTree = "<group>"; };
		A4787754197113D000F6F611 /* Images.xcassets */ = {isa = PBXFileReference; lastKnownFileType = folder.assetcatalog; path = Images.xcassets; sourceTree = "<group>"; };
		A478775A197113D000F6F611 /* SpiralTests.xctest */ = {isa = PBXFileReference; explicitFileType = wrapper.cfbundle; includeInIndex = 0; path = SpiralTests.xctest; sourceTree = BUILT_PRODUCTS_DIR; };
		A478775F197113D000F6F611 /* Info.plist */ = {isa = PBXFileReference; lastKnownFileType = text.plist.xml; path = Info.plist; sourceTree = "<group>"; };
		A4787760197113D000F6F611 /* SpiralTests.swift */ = {isa = PBXFileReference; lastKnownFileType = sourcecode.swift; lineEnding = 0; path = SpiralTests.swift; sourceTree = "<group>"; xcLanguageSpecificationIdentifier = xcode.lang.swift; };
		A478776A197113DB00F6F611 /* OrdinaryMap.swift */ = {isa = PBXFileReference; fileEncoding = 4; lastKnownFileType = sourcecode.swift; path = OrdinaryMap.swift; sourceTree = "<group>"; };
		A478777019712E9D00F6F611 /* Shape.swift */ = {isa = PBXFileReference; fileEncoding = 4; lastKnownFileType = sourcecode.swift; lineEnding = 0; path = Shape.swift; sourceTree = "<group>"; xcLanguageSpecificationIdentifier = xcode.lang.swift; };
		A47D3D0C1973DBE4005AF736 /* ContactVisitor.swift */ = {isa = PBXFileReference; fileEncoding = 4; lastKnownFileType = sourcecode.swift; path = ContactVisitor.swift; sourceTree = "<group>"; };
		A47D3D0E1973F522005AF736 /* Spiral-Bridging-Header.h */ = {isa = PBXFileReference; lastKnownFileType = sourcecode.c.h; path = "Spiral-Bridging-Header.h"; sourceTree = "<group>"; };
		A47D3D1519740AA3005AF736 /* PlayerContactVisitor.swift */ = {isa = PBXFileReference; fileEncoding = 4; lastKnownFileType = sourcecode.swift; lineEnding = 0; path = PlayerContactVisitor.swift; sourceTree = "<group>"; xcLanguageSpecificationIdentifier = xcode.lang.swift; };
		A47D3D17197415C1005AF736 /* KillerContactVisitor.swift */ = {isa = PBXFileReference; fileEncoding = 4; lastKnownFileType = sourcecode.swift; path = KillerContactVisitor.swift; sourceTree = "<group>"; };
		A47D3D1919741859005AF736 /* ScoreContactVisitor.swift */ = {isa = PBXFileReference; fileEncoding = 4; lastKnownFileType = sourcecode.swift; path = ScoreContactVisitor.swift; sourceTree = "<group>"; };
		A47D3D1B19741B04005AF736 /* Killer.swift */ = {isa = PBXFileReference; fileEncoding = 4; lastKnownFileType = sourcecode.swift; path = Killer.swift; sourceTree = "<group>"; };
		A47D3D1D19741E54005AF736 /* Score.swift */ = {isa = PBXFileReference; fileEncoding = 4; lastKnownFileType = sourcecode.swift; path = Score.swift; sourceTree = "<group>"; };
		A47E78E519F39C4E003D5143 /* vortexShader.fsh */ = {isa = PBXFileReference; fileEncoding = 4; lastKnownFileType = sourcecode.glsl; path = vortexShader.fsh; sourceTree = "<group>"; };
		A48F921319724822007BDAE4 /* Player.swift */ = {isa = PBXFileReference; fileEncoding = 4; lastKnownFileType = sourcecode.swift; path = Player.swift; sourceTree = "<group>"; };
		A490225A19B9D89F009114ED /* Foundation.framework */ = {isa = PBXFileReference; lastKnownFileType = wrapper.framework; name = Foundation.framework; path = System/Library/Frameworks/Foundation.framework; sourceTree = SDKROOT; };
		A490225C19B9D8A8009114ED /* SpriteKit.framework */ = {isa = PBXFileReference; lastKnownFileType = wrapper.framework; name = SpriteKit.framework; path = System/Library/Frameworks/SpriteKit.framework; sourceTree = SDKROOT; };
		A492F6761AF346B2004B040B /* ZenMap.swift */ = {isa = PBXFileReference; fileEncoding = 4; lastKnownFileType = sourcecode.swift; path = ZenMap.swift; sourceTree = "<group>"; };
		A492F6781AF3B0D8004B040B /* Bamboo.swift */ = {isa = PBXFileReference; fileEncoding = 4; lastKnownFileType = sourcecode.swift; path = Bamboo.swift; sourceTree = "<group>"; };
		A492F67A1AF3C67C004B040B /* ZenModeScene.swift */ = {isa = PBXFileReference; fileEncoding = 4; lastKnownFileType = sourcecode.swift; lineEnding = 0; path = ZenModeScene.swift; sourceTree = "<group>"; xcLanguageSpecificationIdentifier = xcode.lang.swift; };
		A4954FA41BC7CA3400E6D0EE /* Base */ = {isa = PBXFileReference; lastKnownFileType = file.sks; name = Base; path = Base.lproj/MazeHelpScene.sks; sourceTree = "<group>"; };
		A4954FA61BC7CA3700E6D0EE /* en */ = {isa = PBXFileReference; lastKnownFileType = file.sks; name = en; path = en.lproj/MazeHelpScene.sks; sourceTree = "<group>"; };
		A49B03F71A772AA9009D8F40 /* Tips.swift */ = {isa = PBXFileReference; fileEncoding = 4; lastKnownFileType = sourcecode.swift; path = Tips.swift; sourceTree = "<group>"; };
		A49ECCD11BBA80DF00447A3E /* Entity.swift */ = {isa = PBXFileReference; fileEncoding = 4; lastKnownFileType = sourcecode.swift; path = Entity.swift; sourceTree = "<group>"; };
		A4A286E71BBBF88700A6CE7F /* IntelligenceComponent.swift */ = {isa = PBXFileReference; fileEncoding = 4; lastKnownFileType = sourcecode.swift; path = IntelligenceComponent.swift; sourceTree = "<group>"; };
		A4A286EC1BBBFD3C00A6CE7F /* ShapeState.swift */ = {isa = PBXFileReference; fileEncoding = 4; lastKnownFileType = sourcecode.swift; path = ShapeState.swift; sourceTree = "<group>"; };
		A4A286EE1BBC116700A6CE7F /* ShapeChaseState.swift */ = {isa = PBXFileReference; fileEncoding = 4; lastKnownFileType = sourcecode.swift; path = ShapeChaseState.swift; sourceTree = "<group>"; };
		A4A286F01BBC119500A6CE7F /* ShapeFleeState.swift */ = {isa = PBXFileReference; fileEncoding = 4; lastKnownFileType = sourcecode.swift; path = ShapeFleeState.swift; sourceTree = "<group>"; };
		A4A286F21BBC11AB00A6CE7F /* ShapeDefeatedState.swift */ = {isa = PBXFileReference; fileEncoding = 4; lastKnownFileType = sourcecode.swift; path = ShapeDefeatedState.swift; sourceTree = "<group>"; };
		A4A286F41BBC11BE00A6CE7F /* ShapeRespawnState.swift */ = {isa = PBXFileReference; fileEncoding = 4; lastKnownFileType = sourcecode.swift; path = ShapeRespawnState.swift; sourceTree = "<group>"; };
		A4AE8C5F1BA58DA600E2739F /* UIKit.framework */ = {isa = PBXFileReference; lastKnownFileType = wrapper.framework; name = UIKit.framework; path = System/Library/Frameworks/UIKit.framework; sourceTree = SDKROOT; };
		A4AE8C621BA58DB600E2739F /* ReplayKit.framework */ = {isa = PBXFileReference; lastKnownFileType = wrapper.framework; name = ReplayKit.framework; path = System/Library/Frameworks/ReplayKit.framework; sourceTree = SDKROOT; };
		A4B05A3919E9642900B303C0 /* spiral.sketch */ = {isa = PBXFileReference; lastKnownFileType = wrapper; path = spiral.sketch; sourceTree = "<group>"; };
		A4B104B119D6DF01008BD1BA /* bg_maze.mp3 */ = {isa = PBXFileReference; lastKnownFileType = audio.mp3; path = bg_maze.mp3; sourceTree = "<group>"; };
		A4B104BB19D6F3A0008BD1BA /* shield_ordinary.wav */ = {isa = PBXFileReference; lastKnownFileType = audio.wav; path = shield_ordinary.wav; sourceTree = "<group>"; };
		A4B104BD19D6F5EA008BD1BA /* killer_maze.wav */ = {isa = PBXFileReference; lastKnownFileType = audio.wav; path = killer_maze.wav; sourceTree = "<group>"; };
		A4B2788419EA781C00A2D065 /* GameCenterButton.swift */ = {isa = PBXFileReference; fileEncoding = 4; lastKnownFileType = sourcecode.swift; path = GameCenterButton.swift; sourceTree = "<group>"; };
		A4B666A91BAEBF32005E2E73 /* README.md */ = {isa = PBXFileReference; fileEncoding = 4; lastKnownFileType = net.daringfireball.markdown; path = README.md; sourceTree = "<group>"; };
		A4B666AA1BAEBF32005E2E73 /* LICENSE */ = {isa = PBXFileReference; fileEncoding = 4; lastKnownFileType = text; path = LICENSE; sourceTree = "<group>"; };
		A4DCE0261A839E0E00EA39B1 /* Crashlytics.framework */ = {isa = PBXFileReference; lastKnownFileType = wrapper.framework; path = Crashlytics.framework; sourceTree = "<group>"; };
		A4DCE0271A839E0E00EA39B1 /* Fabric.framework */ = {isa = PBXFileReference; lastKnownFileType = wrapper.framework; path = Fabric.framework; sourceTree = "<group>"; };
		A4DF90DC1AF0C92200CD8CEE /* Bamboo.pcvd */ = {isa = PBXFileReference; lastKnownFileType = file.bplist; path = Bamboo.pcvd; sourceTree = "<group>"; };
		A4E243461B22EC4A00356FCA /* jump_zen.wav */ = {isa = PBXFileReference; lastKnownFileType = audio.wav; path = jump_zen.wav; sourceTree = "<group>"; };
		A4E243481B22EF5900356FCA /* killer_zen.wav */ = {isa = PBXFileReference; lastKnownFileType = audio.wav; path = killer_zen.wav; sourceTree = "<group>"; };
		A4E2434A1B22EFC200356FCA /* score_maze.wav */ = {isa = PBXFileReference; lastKnownFileType = audio.wav; path = score_maze.wav; sourceTree = "<group>"; };
		A4E2434C1B22F04200356FCA /* gameover_zen.wav */ = {isa = PBXFileReference; lastKnownFileType = audio.wav; path = gameover_zen.wav; sourceTree = "<group>"; };
		A4E2434E1B22F2B900356FCA /* levelup_zen.wav */ = {isa = PBXFileReference; lastKnownFileType = audio.wav; path = levelup_zen.wav; sourceTree = "<group>"; };
		A4E7594E19F7B8E600C08783 /* spark.png */ = {isa = PBXFileReference; lastKnownFileType = image.png; path = spark.png; sourceTree = "<group>"; };
		A4E7595919F7BAD600C08783 /* spark.sks */ = {isa = PBXFileReference; lastKnownFileType = file.sks; path = spark.sks; sourceTree = "<group>"; };
		A4EEE3B319F6917900A43108 /* WXApi.h */ = {isa = PBXFileReference; fileEncoding = 4; lastKnownFileType = sourcecode.c.h; path = WXApi.h; sourceTree = "<group>"; };
		A4EEE3B419F6917900A43108 /* WXApiObject.h */ = {isa = PBXFileReference; fileEncoding = 4; lastKnownFileType = sourcecode.c.h; path = WXApiObject.h; sourceTree = "<group>"; };
		A4EEE3B519F6917900A43108 /* libWeChatSDK.a */ = {isa = PBXFileReference; lastKnownFileType = archive.ar; path = libWeChatSDK.a; sourceTree = "<group>"; };
		A4F3504F19FBA41B00F6B8DF /* Eye.swift */ = {isa = PBXFileReference; fileEncoding = 4; lastKnownFileType = sourcecode.swift; path = Eye.swift; sourceTree = "<group>"; };
		A4F3505119FBAD2200F6B8DF /* EyeContactVisitor.swift */ = {isa = PBXFileReference; fileEncoding = 4; lastKnownFileType = sourcecode.swift; path = EyeContactVisitor.swift; sourceTree = "<group>"; };
		A4F3C60919E8E990000514AC /* Reaper.swift */ = {isa = PBXFileReference; fileEncoding = 4; lastKnownFileType = sourcecode.swift; path = Reaper.swift; sourceTree = "<group>"; };
		A4F3C60B19E8EAF7000514AC /* ReaperContactVisitor.swift */ = {isa = PBXFileReference; fileEncoding = 4; lastKnownFileType = sourcecode.swift; lineEnding = 0; path = ReaperContactVisitor.swift; sourceTree = "<group>"; xcLanguageSpecificationIdentifier = xcode.lang.swift; };
		A4F3C60F19E90FFF000514AC /* Rope.swift */ = {isa = PBXFileReference; fileEncoding = 4; lastKnownFileType = sourcecode.swift; path = Rope.swift; sourceTree = "<group>"; };
		A4F8A7A81B528D99007248C1 /* AutoRecordButton.swift */ = {isa = PBXFileReference; fileEncoding = 4; lastKnownFileType = sourcecode.swift; path = AutoRecordButton.swift; sourceTree = "<group>"; };
		A4F92B8419DCF65900C87D0E /* zh-Hans */ = {isa = PBXFileReference; lastKnownFileType = text.plist.strings; name = "zh-Hans"; path = "zh-Hans.lproj/Main.strings"; sourceTree = "<group>"; };
		A4F92B8819DCF69600C87D0E /* zh-Hans */ = {isa = PBXFileReference; lastKnownFileType = text.plist.strings; name = "zh-Hans"; path = "zh-Hans.lproj/Localizable.strings"; sourceTree = "<group>"; };
		A4FF926F19751AA50060CE6D /* VisitablePhysicsBody.swift */ = {isa = PBXFileReference; fileEncoding = 4; lastKnownFileType = sourcecode.swift; path = VisitablePhysicsBody.swift; sourceTree = "<group>"; };
		A4FF9273197526830060CE6D /* OrdinaryDisplay.swift */ = {isa = PBXFileReference; fileEncoding = 4; lastKnownFileType = sourcecode.swift; lineEnding = 0; path = OrdinaryDisplay.swift; sourceTree = "<group>"; xcLanguageSpecificationIdentifier = xcode.lang.swift; };
		A4FF9275197529B50060CE6D /* Data.swift */ = {isa = PBXFileReference; fileEncoding = 4; lastKnownFileType = sourcecode.swift; lineEnding = 0; path = Data.swift; sourceTree = "<group>"; xcLanguageSpecificationIdentifier = xcode.lang.swift; };
/* End PBXFileReference section */

/* Begin PBXFrameworksBuildPhase section */
		A4787741197113D000F6F611 /* Frameworks */ = {
			isa = PBXFrameworksBuildPhase;
			buildActionMask = 2147483647;
			files = (
				A40AB22C1BABFB2B00DBE971 /* SystemConfiguration.framework in Frameworks */,
				A40AB22A1BABF66000DBE971 /* libc++.tbd in Frameworks */,
				A40AB2281BABF65400DBE971 /* libz.tbd in Frameworks */,
				A40AB2261BABF5B000DBE971 /* libsqlite3.tbd in Frameworks */,
				A4DCE0291A839E0E00EA39B1 /* Fabric.framework in Frameworks */,
				A4DCE0281A839E0E00EA39B1 /* Crashlytics.framework in Frameworks */,
				A4EEE3B619F6917900A43108 /* libWeChatSDK.a in Frameworks */,
			);
			runOnlyForDeploymentPostprocessing = 0;
		};
		A4787757197113D000F6F611 /* Frameworks */ = {
			isa = PBXFrameworksBuildPhase;
			buildActionMask = 2147483647;
			files = (
			);
			runOnlyForDeploymentPostprocessing = 0;
		};
/* End PBXFrameworksBuildPhase section */

/* Begin PBXGroup section */
		A40F39DF1BBA96EF0061E32A /* Maps */ = {
			isa = PBXGroup;
			children = (
				A478776A197113DB00F6F611 /* OrdinaryMap.swift */,
				A492F6761AF346B2004B040B /* ZenMap.swift */,
				A40F39E01BBA972C0061E32A /* MazeMap.swift */,
			);
			name = Maps;
			sourceTree = "<group>";
		};
		A41591E319CC71AD00C3420B /* GameKitFiles */ = {
			isa = PBXGroup;
			children = (
				A43522661BA558A40064FFC1 /* GameKitHelper.swift */,
			);
			name = GameKitFiles;
			sourceTree = "<group>";
		};
		A434A1491976952800F4C94B /* Buttons */ = {
			isa = PBXGroup;
			children = (
				A43759A61B20632E00935DE7 /* GameOverIcon.swift */,
				A434A14A1976955000F4C94B /* ShareButton.swift */,
				A434A14E19769F4600F4C94B /* ReplayButton.swift */,
				A4B2788419EA781C00A2D065 /* GameCenterButton.swift */,
				A45A9FA419F3F1640087C192 /* HelpButton.swift */,
				A437599D1B20349200935DE7 /* OrdinaryButton.swift */,
				A437599F1B2038D500935DE7 /* ZenButton.swift */,
				A45484611BC12AED002D9748 /* MazeButton.swift */,
				A45320EA1B51427D00CBD634 /* PlayRecordButton.swift */,
				A4F8A7A81B528D99007248C1 /* AutoRecordButton.swift */,
			);
			name = Buttons;
			sourceTree = "<group>";
		};
		A43759A51B2062B000935DE7 /* Display */ = {
			isa = PBXGroup;
			children = (
				A4FF9273197526830060CE6D /* OrdinaryDisplay.swift */,
				A4254A861AF6356300620AA7 /* ZenDisplay.swift */,
				A45484631BC1469C002D9748 /* MazeDisplay.swift */,
			);
			name = Display;
			sourceTree = "<group>";
		};
		A45A65E2198607F400EA40D7 /* Resources */ = {
			isa = PBXGroup;
			children = (
				A46323EF1A02639E00902D3A /* 颜体.ttf */,
				A4DF90DC1AF0C92200CD8CEE /* Bamboo.pcvd */,
				A4175E7E1B22024F00156886 /* bg_ordinary.mp3 */,
				A41CBF611BC9220B00A51569 /* bg_zen.mp3 */,
				A4B104B119D6DF01008BD1BA /* bg_maze.mp3 */,
				A45A93571B2C4FDF00EE4A56 /* gameover_ordinary.wav */,
				A4E2434C1B22F04200356FCA /* gameover_zen.wav */,
				A41CBF571BC9150900A51569 /* gameover_maze.wav */,
				A45A93581B2C4FDF00EE4A56 /* jump_ordinary.wav */,
				A4E243461B22EC4A00356FCA /* jump_zen.wav */,
				A41CBF531BC911FA00A51569 /* jump_maze.wav */,
				A41CBF5F1BC9215900A51569 /* killer_ordinary.wav */,
				A4E243481B22EF5900356FCA /* killer_zen.wav */,
				A4B104BD19D6F5EA008BD1BA /* killer_maze.wav */,
				A45A93591B2C4FDF00EE4A56 /* levelup_ordinary.wav */,
				A4E2434E1B22F2B900356FCA /* levelup_zen.wav */,
				A41CBF551BC913F200A51569 /* levelup_maze.wav */,
				A45A935A1B2C4FDF00EE4A56 /* score_ordinary.wav */,
				A41CBF5B1BC91CE700A51569 /* score_zen.wav */,
				A4E2434A1B22EFC200356FCA /* score_maze.wav */,
				A4B104BB19D6F3A0008BD1BA /* shield_ordinary.wav */,
				A45A935B1B2C4FDF00EE4A56 /* shield_zen.wav */,
				A41CBF591BC915A900A51569 /* shield_maze.wav */,
				A4B05A3919E9642900B303C0 /* spiral.sketch */,
				A46323EE1A02639E00902D3A /* Starcraft Normal.ttf */,
				A47E78E519F39C4E003D5143 /* vortexShader.fsh */,
			);
			name = Resources;
			sourceTree = "<group>";
		};
		A478773B197113D000F6F611 = {
			isa = PBXGroup;
			children = (
				A4787746197113D000F6F611 /* Spiral */,
				A478775D197113D000F6F611 /* SpiralTests */,
				A4787745197113D000F6F611 /* Products */,
				F7CB57B3A321435B8FBA1FD7 /* Frameworks */,
				A4B666A91BAEBF32005E2E73 /* README.md */,
				A4B666AA1BAEBF32005E2E73 /* LICENSE */,
			);
			sourceTree = "<group>";
		};
		A4787745197113D000F6F611 /* Products */ = {
			isa = PBXGroup;
			children = (
				A4787744197113D000F6F611 /* Spiral.app */,
				A478775A197113D000F6F611 /* SpiralTests.xctest */,
			);
			name = Products;
			sourceTree = "<group>";
		};
		A4787746197113D000F6F611 /* Spiral */ = {
			isa = PBXGroup;
			children = (
				A45A65E2198607F400EA40D7 /* Resources */,
				A47D3D1F19741F6D005AF736 /* Scenes */,
				A47D3D12197407AC005AF736 /* Util */,
				A47D3D0A1973D9F5005AF736 /* Nodes */,
				A4787749197113D000F6F611 /* AppDelegate.swift */,
				A478774F197113D000F6F611 /* GameViewController.swift */,
				A4787751197113D000F6F611 /* Main.storyboard */,
				A47D3D0E1973F522005AF736 /* Spiral-Bridging-Header.h */,
				A4787754197113D000F6F611 /* Images.xcassets */,
				A4787747197113D000F6F611 /* Supporting Files */,
				A4F92B8919DCF69600C87D0E /* Localizable.strings */,
				A4605B6E19F5235500F8DD96 /* Launch Screen.xib */,
			);
			path = Spiral;
			sourceTree = "<group>";
		};
		A4787747197113D000F6F611 /* Supporting Files */ = {
			isa = PBXGroup;
			children = (
				A4787748197113D000F6F611 /* Info.plist */,
			);
			name = "Supporting Files";
			sourceTree = "<group>";
		};
		A478775D197113D000F6F611 /* SpiralTests */ = {
			isa = PBXGroup;
			children = (
				A4787760197113D000F6F611 /* SpiralTests.swift */,
				A478775E197113D000F6F611 /* Supporting Files */,
			);
			path = SpiralTests;
			sourceTree = "<group>";
		};
		A478775E197113D000F6F611 /* Supporting Files */ = {
			isa = PBXGroup;
			children = (
				A478775F197113D000F6F611 /* Info.plist */,
			);
			name = "Supporting Files";
			sourceTree = "<group>";
		};
		A47D3D0A1973D9F5005AF736 /* Nodes */ = {
			isa = PBXGroup;
			children = (
				A40F39DF1BBA96EF0061E32A /* Maps */,
				A4E7594C19F7B8A700C08783 /* Particles */,
				A434A1491976952800F4C94B /* Buttons */,
				A43759A51B2062B000935DE7 /* Display */,
				A4F3C60E19E8FD18000514AC /* Views */,
				A4F3C60D19E8FCEB000514AC /* Shapes */,
			);
			name = Nodes;
			sourceTree = "<group>";
		};
		A47D3D0B1973DBA4005AF736 /* VisitorPattern */ = {
			isa = PBXGroup;
			children = (
				A47D3D0C1973DBE4005AF736 /* ContactVisitor.swift */,
				A47D3D1519740AA3005AF736 /* PlayerContactVisitor.swift */,
				A46D8C021976C3B800A32924 /* ShieldContactVisitor.swift */,
				A47D3D17197415C1005AF736 /* KillerContactVisitor.swift */,
				A47D3D1919741859005AF736 /* ScoreContactVisitor.swift */,
				A4F3C60B19E8EAF7000514AC /* ReaperContactVisitor.swift */,
				A4F3505119FBAD2200F6B8DF /* EyeContactVisitor.swift */,
				A4FF926F19751AA50060CE6D /* VisitablePhysicsBody.swift */,
			);
			name = VisitorPattern;
			sourceTree = "<group>";
		};
		A47D3D12197407AC005AF736 /* Util */ = {
			isa = PBXGroup;
			children = (
				A4A286EB1BBBFCEC00A6CE7F /* State Machine */,
				A49ECCD01BBA7FFA00447A3E /* Entity-Component */,
				A47D3D0B1973DBA4005AF736 /* VisitorPattern */,
				A41591E319CC71AD00C3420B /* GameKitFiles */,
				A4EEE3B219F6916600A43108 /* Weixin */,
				A4FF9275197529B50060CE6D /* Data.swift */,
				A45A65DF1986073B00EA40D7 /* SoundManager.swift */,
				A49B03F71A772AA9009D8F40 /* Tips.swift */,
				A4175E7A1B21DF1B00156886 /* Constant.swift */,
				A4175E7C1B21EBBC00156886 /* Extensions.swift */,
				A436ADE21B26EB1300D7F407 /* MotionManager.swift */,
				A436ADE41B271FE400D7F407 /* HelpMethods.swift */,
			);
			name = Util;
			sourceTree = "<group>";
		};
		A47D3D1F19741F6D005AF736 /* Scenes */ = {
			isa = PBXGroup;
			children = (
				A4E28CA11B209FF30053770A /* sks file */,
				A46E911B1AFF01D200AC1400 /* MainScene.swift */,
				A43F9CE01B2C5420001835F5 /* GameScene.swift */,
				A4254A821AF618CF00620AA7 /* OrdinaryModeScene.swift */,
				A492F67A1AF3C67C004B040B /* ZenModeScene.swift */,
				A40F39E21BBAC4F30061E32A /* MazeModeScene.swift */,
				A45A9FA219F3E7250087C192 /* OrdinaryHelpScene.swift */,
				A4254A881AF6396F00620AA7 /* ZenHelpScene.swift */,
				A469E09E1BC6C7E100CBCB27 /* MazeHelpScene.swift */,
			);
			name = Scenes;
			sourceTree = "<group>";
		};
		A49ECCD01BBA7FFA00447A3E /* Entity-Component */ = {
			isa = PBXGroup;
			children = (
				A49ECCD11BBA80DF00447A3E /* Entity.swift */,
				A40F39DA1BBA874B0061E32A /* SpriteComponent.swift */,
				A40F39E41BBAC7BB0061E32A /* PlayerControlComponent.swift */,
				A4A286E71BBBF88700A6CE7F /* IntelligenceComponent.swift */,
			);
			name = "Entity-Component";
			sourceTree = "<group>";
		};
		A4A286EB1BBBFCEC00A6CE7F /* State Machine */ = {
			isa = PBXGroup;
			children = (
				A4A286EC1BBBFD3C00A6CE7F /* ShapeState.swift */,
				A4A286EE1BBC116700A6CE7F /* ShapeChaseState.swift */,
				A4A286F01BBC119500A6CE7F /* ShapeFleeState.swift */,
				A4A286F21BBC11AB00A6CE7F /* ShapeDefeatedState.swift */,
				A4A286F41BBC11BE00A6CE7F /* ShapeRespawnState.swift */,
				A45484691BC3EF0D002D9748 /* ShapeReapState.swift */,
			);
			name = "State Machine";
			sourceTree = "<group>";
		};
		A4E28CA11B209FF30053770A /* sks file */ = {
			isa = PBXGroup;
			children = (
				A42414A91BAD600F00DF3879 /* OrdinaryHelpScene.sks */,
				A42414AB1BAD600F00DF3879 /* ZenHelpScene.sks */,
				A4954FA51BC7CA3400E6D0EE /* MazeHelpScene.sks */,
			);
			name = "sks file";
			sourceTree = "<group>";
		};
		A4E7594C19F7B8A700C08783 /* Particles */ = {
			isa = PBXGroup;
			children = (
				A4E7594E19F7B8E600C08783 /* spark.png */,
				A4E7595919F7BAD600C08783 /* spark.sks */,
				A41C07731BC5165B0016CEEF /* magic.sks */,
			);
			name = Particles;
			sourceTree = "<group>";
		};
		A4EEE3B219F6916600A43108 /* Weixin */ = {
			isa = PBXGroup;
			children = (
				A4EEE3B319F6917900A43108 /* WXApi.h */,
				A4EEE3B419F6917900A43108 /* WXApiObject.h */,
				A4EEE3B519F6917900A43108 /* libWeChatSDK.a */,
				A40AB22D1BABFF3000DBE971 /* WeChatActivity.swift */,
			);
			name = Weixin;
			sourceTree = "<group>";
		};
		A4F3C60D19E8FCEB000514AC /* Shapes */ = {
			isa = PBXGroup;
			children = (
				A478777019712E9D00F6F611 /* Shape.swift */,
				A48F921319724822007BDAE4 /* Player.swift */,
				A47D3D1B19741B04005AF736 /* Killer.swift */,
				A47D3D1D19741E54005AF736 /* Score.swift */,
				A46D8C001976BF9400A32924 /* Shield.swift */,
				A4F3C60919E8E990000514AC /* Reaper.swift */,
			);
			name = Shapes;
			sourceTree = "<group>";
		};
		A4F3C60E19E8FD18000514AC /* Views */ = {
			isa = PBXGroup;
			children = (
				A424E2F019E78176007FE1C1 /* Background.swift */,
				A41C07751BC5196A0016CEEF /* MagicRoad.swift */,
				A492F6781AF3B0D8004B040B /* Bamboo.swift */,
				A4F3C60F19E90FFF000514AC /* Rope.swift */,
				A4F3504F19FBA41B00F6B8DF /* Eye.swift */,
			);
			name = Views;
			sourceTree = "<group>";
		};
		F7CB57B3A321435B8FBA1FD7 /* Frameworks */ = {
			isa = PBXGroup;
			children = (
				A40AB22B1BABFB2B00DBE971 /* SystemConfiguration.framework */,
				A40AB2291BABF66000DBE971 /* libc++.tbd */,
				A40AB2271BABF65400DBE971 /* libz.tbd */,
				A40AB2251BABF5B000DBE971 /* libsqlite3.tbd */,
				A4AE8C621BA58DB600E2739F /* ReplayKit.framework */,
				A4AE8C5F1BA58DA600E2739F /* UIKit.framework */,
				A444B6A91B50E9E10026B0EB /* GameKit.framework */,
				A490225C19B9D8A8009114ED /* SpriteKit.framework */,
				A490225A19B9D89F009114ED /* Foundation.framework */,
				A434A14C197696BC00F4C94B /* Social.framework */,
				A4DCE0261A839E0E00EA39B1 /* Crashlytics.framework */,
				A4DCE0271A839E0E00EA39B1 /* Fabric.framework */,
			);
			name = Frameworks;
			sourceTree = "<group>";
		};
/* End PBXGroup section */

/* Begin PBXNativeTarget section */
		A4787743197113D000F6F611 /* Spiral */ = {
			isa = PBXNativeTarget;
			buildConfigurationList = A4787764197113D000F6F611 /* Build configuration list for PBXNativeTarget "Spiral" */;
			buildPhases = (
				A4787740197113D000F6F611 /* Sources */,
				A4787741197113D000F6F611 /* Frameworks */,
				A4787742197113D000F6F611 /* Resources */,
				A4DCE01D1A83973200EA39B1 /* ShellScript */,
			);
			buildRules = (
			);
			dependencies = (
			);
			name = Spiral;
			productName = Spiral;
			productReference = A4787744197113D000F6F611 /* Spiral.app */;
			productType = "com.apple.product-type.application";
		};
		A4787759197113D000F6F611 /* SpiralTests */ = {
			isa = PBXNativeTarget;
			buildConfigurationList = A4787767197113D000F6F611 /* Build configuration list for PBXNativeTarget "SpiralTests" */;
			buildPhases = (
				A4787756197113D000F6F611 /* Sources */,
				A4787757197113D000F6F611 /* Frameworks */,
				A4787758197113D000F6F611 /* Resources */,
			);
			buildRules = (
			);
			dependencies = (
				A478775C197113D000F6F611 /* PBXTargetDependency */,
			);
			name = SpiralTests;
			productName = SpiralTests;
			productReference = A478775A197113D000F6F611 /* SpiralTests.xctest */;
			productType = "com.apple.product-type.bundle.unit-test";
		};
/* End PBXNativeTarget section */

/* Begin PBXProject section */
		A478773C197113D000F6F611 /* Project object */ = {
			isa = PBXProject;
			attributes = {
				LastSwiftMigration = 0700;
				LastSwiftUpdateCheck = 0700;
				LastUpgradeCheck = 0600;
				ORGANIZATIONNAME = "杨萧玉";
				TargetAttributes = {
					A4787743197113D000F6F611 = {
						CreatedOnToolsVersion = 6.0;
						DevelopmentTeam = D3RCVUP6VH;
						SystemCapabilities = {
							com.apple.BackgroundModes = {
								enabled = 0;
							};
							com.apple.GameCenter = {
								enabled = 1;
							};
						};
					};
					A4787759197113D000F6F611 = {
						CreatedOnToolsVersion = 6.0;
						TestTargetID = A4787743197113D000F6F611;
					};
				};
			};
			buildConfigurationList = A478773F197113D000F6F611 /* Build configuration list for PBXProject "Spiral" */;
			compatibilityVersion = "Xcode 3.2";
			developmentRegion = English;
			hasScannedForEncodings = 0;
			knownRegions = (
				en,
				Base,
				"zh-Hans",
			);
			mainGroup = A478773B197113D000F6F611;
			productRefGroup = A4787745197113D000F6F611 /* Products */;
			projectDirPath = "";
			projectRoot = "";
			targets = (
				A4787743197113D000F6F611 /* Spiral */,
				A4787759197113D000F6F611 /* SpiralTests */,
			);
		};
/* End PBXProject section */

/* Begin PBXResourcesBuildPhase section */
		A4787742197113D000F6F611 /* Resources */ = {
			isa = PBXResourcesBuildPhase;
			buildActionMask = 2147483647;
			files = (
				A45A935E1B2C4FDF00EE4A56 /* levelup_ordinary.wav in Resources */,
				A41CBF621BC9220B00A51569 /* bg_zen.mp3 in Resources */,
				A45A935D1B2C4FDF00EE4A56 /* jump_ordinary.wav in Resources */,
				A46323F01A0263AA00902D3A /* Starcraft Normal.ttf in Resources */,
				A46323F11A0263AA00902D3A /* 颜体.ttf in Resources */,
				A4E2434F1B22F2B900356FCA /* levelup_zen.wav in Resources */,
				A41CBF541BC911FA00A51569 /* jump_maze.wav in Resources */,
				A45A935C1B2C4FDF00EE4A56 /* gameover_ordinary.wav in Resources */,
				A4E7595019F7B8E600C08783 /* spark.png in Resources */,
				A4E2434B1B22EFC200356FCA /* score_maze.wav in Resources */,
				A4DF90DD1AF0C92200CD8CEE /* Bamboo.pcvd in Resources */,
				A4F92B8719DCF69600C87D0E /* Localizable.strings in Resources */,
				A4B666AC1BAEBF32005E2E73 /* LICENSE in Resources */,
				A4E7595A19F7BAD600C08783 /* spark.sks in Resources */,
				A45A93601B2C4FDF00EE4A56 /* shield_zen.wav in Resources */,
				A4787755197113D000F6F611 /* Images.xcassets in Resources */,
				A4954FA31BC7CA3400E6D0EE /* MazeHelpScene.sks in Resources */,
				A41C07741BC5165B0016CEEF /* magic.sks in Resources */,
				A41CBF581BC9150900A51569 /* gameover_maze.wav in Resources */,
				A42414AE1BAD600F00DF3879 /* ZenHelpScene.sks in Resources */,
				A4E2434D1B22F04200356FCA /* gameover_zen.wav in Resources */,
				A4175E7F1B22024F00156886 /* bg_ordinary.mp3 in Resources */,
				A4E243491B22EF5900356FCA /* killer_zen.wav in Resources */,
				A41CBF601BC9215900A51569 /* killer_ordinary.wav in Resources */,
				A41CBF561BC913F200A51569 /* levelup_maze.wav in Resources */,
				A41CBF5C1BC91CE700A51569 /* score_zen.wav in Resources */,
				A47E78E619F39C4E003D5143 /* vortexShader.fsh in Resources */,
				A4B104BC19D6F3A0008BD1BA /* shield_ordinary.wav in Resources */,
				A4E243471B22EC4A00356FCA /* jump_zen.wav in Resources */,
				A4787753197113D000F6F611 /* Main.storyboard in Resources */,
				A4B104BE19D6F5EA008BD1BA /* killer_maze.wav in Resources */,
				A45A935F1B2C4FDF00EE4A56 /* score_ordinary.wav in Resources */,
				A4605B6C19F5235500F8DD96 /* Launch Screen.xib in Resources */,
				A42414AD1BAD600F00DF3879 /* OrdinaryHelpScene.sks in Resources */,
				A4B104B219D6DF01008BD1BA /* bg_maze.mp3 in Resources */,
				A41CBF5A1BC915A900A51569 /* shield_maze.wav in Resources */,
				A4B05A3A19E9642900B303C0 /* spiral.sketch in Resources */,
			);
			runOnlyForDeploymentPostprocessing = 0;
		};
		A4787758197113D000F6F611 /* Resources */ = {
			isa = PBXResourcesBuildPhase;
			buildActionMask = 2147483647;
			files = (
			);
			runOnlyForDeploymentPostprocessing = 0;
		};
/* End PBXResourcesBuildPhase section */

/* Begin PBXShellScriptBuildPhase section */
		A4DCE01D1A83973200EA39B1 /* ShellScript */ = {
			isa = PBXShellScriptBuildPhase;
			buildActionMask = 2147483647;
			files = (
			);
			inputPaths = (
			);
			outputPaths = (
			);
			runOnlyForDeploymentPostprocessing = 0;
			shellPath = /bin/sh;
			shellScript = "./Fabric.framework/run 9f390390e312b5a6d8108a6d977e5b5425ef2da3 c3f24c2e2f19128e225aacae23e2fa2659ec714e7f411c46a14eca2577b9c550";
		};
/* End PBXShellScriptBuildPhase section */

/* Begin PBXSourcesBuildPhase section */
		A4787740197113D000F6F611 /* Sources */ = {
			isa = PBXSourcesBuildPhase;
			buildActionMask = 2147483647;
			files = (
				A434A14F19769F4600F4C94B /* ReplayButton.swift in Sources */,
				A4F3C61019E90FFF000514AC /* Rope.swift in Sources */,
				A4175E7B1B21DF1B00156886 /* Constant.swift in Sources */,
				A45A9FA519F3F1640087C192 /* HelpButton.swift in Sources */,
				A4A286ED1BBBFD3C00A6CE7F /* ShapeState.swift in Sources */,
				A46D8C011976BF9400A32924 /* Shield.swift in Sources */,
				A47D3D1E19741E54005AF736 /* Score.swift in Sources */,
				A478777119712E9D00F6F611 /* Shape.swift in Sources */,
				A4A286E81BBBF88700A6CE7F /* IntelligenceComponent.swift in Sources */,
				A454846A1BC3EF0D002D9748 /* ShapeReapState.swift in Sources */,
				A4254A831AF618CF00620AA7 /* OrdinaryModeScene.swift in Sources */,
				A4254A871AF6356300620AA7 /* ZenDisplay.swift in Sources */,
				A492F6771AF346B2004B040B /* ZenMap.swift in Sources */,
				A47D3D0D1973DBE4005AF736 /* ContactVisitor.swift in Sources */,
				A45A65E01986073B00EA40D7 /* SoundManager.swift in Sources */,
				A45484641BC1469D002D9748 /* MazeDisplay.swift in Sources */,
				A47D3D1619740AA3005AF736 /* PlayerContactVisitor.swift in Sources */,
				A40AB22E1BABFF3000DBE971 /* WeChatActivity.swift in Sources */,
				A41C07761BC5196A0016CEEF /* MagicRoad.swift in Sources */,
				A4F3C60C19E8EAF7000514AC /* ReaperContactVisitor.swift in Sources */,
				A46D8C031976C3B800A32924 /* ShieldContactVisitor.swift in Sources */,
				A40F39E31BBAC4F30061E32A /* MazeModeScene.swift in Sources */,
				A4F3505019FBA41B00F6B8DF /* Eye.swift in Sources */,
				A4A286F11BBC119500A6CE7F /* ShapeFleeState.swift in Sources */,
				A47D3D18197415C1005AF736 /* KillerContactVisitor.swift in Sources */,
				A436ADE51B271FE400D7F407 /* HelpMethods.swift in Sources */,
				A4A286EF1BBC116700A6CE7F /* ShapeChaseState.swift in Sources */,
				A43F9CE11B2C5420001835F5 /* GameScene.swift in Sources */,
				A47D3D1C19741B04005AF736 /* Killer.swift in Sources */,
				A4FF927019751AA50060CE6D /* VisitablePhysicsBody.swift in Sources */,
				A43759A01B2038D500935DE7 /* ZenButton.swift in Sources */,
				A4787750197113D000F6F611 /* GameViewController.swift in Sources */,
				A43759A71B20632E00935DE7 /* GameOverIcon.swift in Sources */,
				A4175E7D1B21EBBC00156886 /* Extensions.swift in Sources */,
				A40F39DB1BBA874B0061E32A /* SpriteComponent.swift in Sources */,
				A45484621BC12AED002D9748 /* MazeButton.swift in Sources */,
				A4F3505219FBAD2200F6B8DF /* EyeContactVisitor.swift in Sources */,
				A46E911C1AFF01D200AC1400 /* MainScene.swift in Sources */,
				A4F8A7A91B528D99007248C1 /* AutoRecordButton.swift in Sources */,
				A478776B197113DB00F6F611 /* OrdinaryMap.swift in Sources */,
				A43522671BA558A40064FFC1 /* GameKitHelper.swift in Sources */,
				A4B2788519EA781C00A2D065 /* GameCenterButton.swift in Sources */,
				A4F3C60A19E8E990000514AC /* Reaper.swift in Sources */,
				A424E2F119E78176007FE1C1 /* Background.swift in Sources */,
				A4FF9274197526830060CE6D /* OrdinaryDisplay.swift in Sources */,
				A4A286F31BBC11AB00A6CE7F /* ShapeDefeatedState.swift in Sources */,
				A49B03F81A772AA9009D8F40 /* Tips.swift in Sources */,
				A40F39E51BBAC7BB0061E32A /* PlayerControlComponent.swift in Sources */,
				A434A14B1976955000F4C94B /* ShareButton.swift in Sources */,
				A492F6791AF3B0D8004B040B /* Bamboo.swift in Sources */,
				A469E09F1BC6C7E100CBCB27 /* MazeHelpScene.swift in Sources */,
				A45A9FA319F3E7250087C192 /* OrdinaryHelpScene.swift in Sources */,
				A47D3D1A19741859005AF736 /* ScoreContactVisitor.swift in Sources */,
				A4254A891AF6396F00620AA7 /* ZenHelpScene.swift in Sources */,
				A436ADE31B26EB1300D7F407 /* MotionManager.swift in Sources */,
				A48F921419724822007BDAE4 /* Player.swift in Sources */,
				A45320EB1B51427D00CBD634 /* PlayRecordButton.swift in Sources */,
				A49ECCD21BBA80DF00447A3E /* Entity.swift in Sources */,
				A4A286F51BBC11BE00A6CE7F /* ShapeRespawnState.swift in Sources */,
				A437599E1B20349200935DE7 /* OrdinaryButton.swift in Sources */,
				A478774A197113D000F6F611 /* AppDelegate.swift in Sources */,
				A492F67B1AF3C67C004B040B /* ZenModeScene.swift in Sources */,
				A4FF9276197529B50060CE6D /* Data.swift in Sources */,
				A40F39E11BBA972C0061E32A /* MazeMap.swift in Sources */,
			);
			runOnlyForDeploymentPostprocessing = 0;
		};
		A4787756197113D000F6F611 /* Sources */ = {
			isa = PBXSourcesBuildPhase;
			buildActionMask = 2147483647;
			files = (
				A4787761197113D000F6F611 /* SpiralTests.swift in Sources */,
			);
			runOnlyForDeploymentPostprocessing = 0;
		};
/* End PBXSourcesBuildPhase section */

/* Begin PBXTargetDependency section */
		A478775C197113D000F6F611 /* PBXTargetDependency */ = {
			isa = PBXTargetDependency;
			target = A4787743197113D000F6F611 /* Spiral */;
			targetProxy = A478775B197113D000F6F611 /* PBXContainerItemProxy */;
		};
/* End PBXTargetDependency section */

/* Begin PBXVariantGroup section */
		A42414A91BAD600F00DF3879 /* OrdinaryHelpScene.sks */ = {
			isa = PBXVariantGroup;
			children = (
				A42414AA1BAD600F00DF3879 /* en */,
				A43EDC971BAD6289003F50A3 /* Base */,
				A43EDC981BAD628E003F50A3 /* zh-Hans */,
			);
			name = OrdinaryHelpScene.sks;
			sourceTree = "<group>";
		};
		A42414AB1BAD600F00DF3879 /* ZenHelpScene.sks */ = {
			isa = PBXVariantGroup;
			children = (
				A42414AC1BAD600F00DF3879 /* en */,
				A43EDC991BAD6291003F50A3 /* Base */,
				A43EDC9A1BAD6295003F50A3 /* zh-Hans */,
			);
			name = ZenHelpScene.sks;
			sourceTree = "<group>";
		};
		A4605B6E19F5235500F8DD96 /* Launch Screen.xib */ = {
			isa = PBXVariantGroup;
			children = (
				A4605B6F19F5235700F8DD96 /* Base */,
				A45484661BC26753002D9748 /* en */,
				A45484681BC26754002D9748 /* zh-Hans */,
			);
			name = "Launch Screen.xib";
			sourceTree = "<group>";
		};
		A4787751197113D000F6F611 /* Main.storyboard */ = {
			isa = PBXVariantGroup;
			children = (
				A4787752197113D000F6F611 /* Base */,
				A4F92B8419DCF65900C87D0E /* zh-Hans */,
			);
			name = Main.storyboard;
			sourceTree = "<group>";
		};
		A4954FA51BC7CA3400E6D0EE /* MazeHelpScene.sks */ = {
			isa = PBXVariantGroup;
			children = (
				A4954FA41BC7CA3400E6D0EE /* Base */,
				A4954FA61BC7CA3700E6D0EE /* en */,
				A41CBF521BC7CAAA00A51569 /* zh-Hans */,
			);
			name = MazeHelpScene.sks;
			sourceTree = "<group>";
		};
		A4F92B8919DCF69600C87D0E /* Localizable.strings */ = {
			isa = PBXVariantGroup;
			children = (
				A4F92B8819DCF69600C87D0E /* zh-Hans */,
			);
			name = Localizable.strings;
			sourceTree = "<group>";
		};
/* End PBXVariantGroup section */

/* Begin XCBuildConfiguration section */
		A4787762197113D000F6F611 /* Debug */ = {
			isa = XCBuildConfiguration;
			buildSettings = {
				ALWAYS_SEARCH_USER_PATHS = NO;
				ASSETCATALOG_COMPILER_APPICON_NAME = AppIcon;
				CLANG_CXX_LANGUAGE_STANDARD = "gnu++0x";
				CLANG_CXX_LIBRARY = "libc++";
				CLANG_ENABLE_MODULES = YES;
				CLANG_ENABLE_OBJC_ARC = YES;
				CLANG_WARN_BOOL_CONVERSION = YES;
				CLANG_WARN_CONSTANT_CONVERSION = YES;
				CLANG_WARN_DIRECT_OBJC_ISA_USAGE = YES_ERROR;
				CLANG_WARN_EMPTY_BODY = YES;
				CLANG_WARN_ENUM_CONVERSION = YES;
				CLANG_WARN_INT_CONVERSION = YES;
				CLANG_WARN_OBJC_ROOT_CLASS = YES_ERROR;
				CLANG_WARN_UNREACHABLE_CODE = YES;
				CLANG_WARN__DUPLICATE_METHOD_MATCH = YES;
				"CODE_SIGN_IDENTITY[sdk=iphoneos*]" = "iPhone Developer";
				COPY_PHASE_STRIP = NO;
				ENABLE_STRICT_OBJC_MSGSEND = YES;
				GCC_C_LANGUAGE_STANDARD = gnu99;
				GCC_DYNAMIC_NO_PIC = NO;
				GCC_OPTIMIZATION_LEVEL = 0;
				GCC_PREPROCESSOR_DEFINITIONS = (
					"DEBUG=1",
					"$(inherited)",
				);
				GCC_SYMBOLS_PRIVATE_EXTERN = NO;
				GCC_WARN_64_TO_32_BIT_CONVERSION = YES;
				GCC_WARN_ABOUT_RETURN_TYPE = YES_ERROR;
				GCC_WARN_UNDECLARED_SELECTOR = YES;
				GCC_WARN_UNINITIALIZED_AUTOS = YES_AGGRESSIVE;
				GCC_WARN_UNUSED_FUNCTION = YES;
				GCC_WARN_UNUSED_VARIABLE = YES;
				IPHONEOS_DEPLOYMENT_TARGET = 9.0;
				"LIBRARY_SEARCH_PATHS[arch=*]" = /Users/yangxiaoyu/Documents/Code/Spiral/Spiral;
				MTL_ENABLE_DEBUG_INFO = YES;
				ONLY_ACTIVE_ARCH = YES;
				SDKROOT = iphoneos;
				SWIFT_OPTIMIZATION_LEVEL = "-Onone";
			};
			name = Debug;
		};
		A4787763197113D000F6F611 /* Release */ = {
			isa = XCBuildConfiguration;
			buildSettings = {
				ALWAYS_SEARCH_USER_PATHS = NO;
				ASSETCATALOG_COMPILER_APPICON_NAME = AppIcon;
				CLANG_CXX_LANGUAGE_STANDARD = "gnu++0x";
				CLANG_CXX_LIBRARY = "libc++";
				CLANG_ENABLE_MODULES = YES;
				CLANG_ENABLE_OBJC_ARC = YES;
				CLANG_WARN_BOOL_CONVERSION = YES;
				CLANG_WARN_CONSTANT_CONVERSION = YES;
				CLANG_WARN_DIRECT_OBJC_ISA_USAGE = YES_ERROR;
				CLANG_WARN_EMPTY_BODY = YES;
				CLANG_WARN_ENUM_CONVERSION = YES;
				CLANG_WARN_INT_CONVERSION = YES;
				CLANG_WARN_OBJC_ROOT_CLASS = YES_ERROR;
				CLANG_WARN_UNREACHABLE_CODE = YES;
				CLANG_WARN__DUPLICATE_METHOD_MATCH = YES;
				"CODE_SIGN_IDENTITY[sdk=iphoneos*]" = "iPhone Developer";
				COPY_PHASE_STRIP = YES;
				ENABLE_NS_ASSERTIONS = NO;
				ENABLE_STRICT_OBJC_MSGSEND = YES;
				GCC_C_LANGUAGE_STANDARD = gnu99;
				GCC_WARN_64_TO_32_BIT_CONVERSION = YES;
				GCC_WARN_ABOUT_RETURN_TYPE = YES_ERROR;
				GCC_WARN_UNDECLARED_SELECTOR = YES;
				GCC_WARN_UNINITIALIZED_AUTOS = YES_AGGRESSIVE;
				GCC_WARN_UNUSED_FUNCTION = YES;
				GCC_WARN_UNUSED_VARIABLE = YES;
				IPHONEOS_DEPLOYMENT_TARGET = 9.0;
				"LIBRARY_SEARCH_PATHS[arch=*]" = /Users/yangxiaoyu/Documents/Code/Spiral/Spiral;
				MTL_ENABLE_DEBUG_INFO = NO;
				SDKROOT = iphoneos;
				VALIDATE_PRODUCT = YES;
			};
			name = Release;
		};
		A4787765197113D000F6F611 /* Debug */ = {
			isa = XCBuildConfiguration;
			buildSettings = {
				ASSETCATALOG_COMPILER_APPICON_NAME = AppIcon;
				ASSETCATALOG_COMPILER_LAUNCHIMAGE_NAME = LaunchImage;
				CLANG_ENABLE_MODULES = YES;
				CODE_SIGN_IDENTITY = "iPhone Developer";
				ENABLE_BITCODE = NO;
				FRAMEWORK_SEARCH_PATHS = (
					"$(inherited)",
					"$(PROJECT_DIR)",
				);
				INFOPLIST_FILE = Spiral/Info.plist;
				LD_RUNPATH_SEARCH_PATHS = "$(inherited) @executable_path/Frameworks";
				LIBRARY_SEARCH_PATHS = (
					"$(inherited)",
					"$(PROJECT_DIR)/Spiral",
				);
				PRODUCT_NAME = "$(TARGET_NAME)";
				SWIFT_OBJC_BRIDGING_HEADER = "Spiral/Spiral-Bridging-Header.h";
				SWIFT_OPTIMIZATION_LEVEL = "-Onone";
				TARGETED_DEVICE_FAMILY = "1,2";
			};
			name = Debug;
		};
		A4787766197113D000F6F611 /* Release */ = {
			isa = XCBuildConfiguration;
			buildSettings = {
				ASSETCATALOG_COMPILER_APPICON_NAME = AppIcon;
				ASSETCATALOG_COMPILER_LAUNCHIMAGE_NAME = LaunchImage;
				CLANG_ENABLE_MODULES = YES;
				CODE_SIGN_IDENTITY = "iPhone Developer";
				ENABLE_BITCODE = NO;
				FRAMEWORK_SEARCH_PATHS = (
					"$(inherited)",
					"$(PROJECT_DIR)",
				);
				INFOPLIST_FILE = Spiral/Info.plist;
				LD_RUNPATH_SEARCH_PATHS = "$(inherited) @executable_path/Frameworks";
				LIBRARY_SEARCH_PATHS = (
					"$(inherited)",
					"$(PROJECT_DIR)/Spiral",
				);
				PRODUCT_NAME = "$(TARGET_NAME)";
				SWIFT_OBJC_BRIDGING_HEADER = "Spiral/Spiral-Bridging-Header.h";
				TARGETED_DEVICE_FAMILY = "1,2";
			};
			name = Release;
		};
		A4787768197113D000F6F611 /* Debug */ = {
			isa = XCBuildConfiguration;
			buildSettings = {
				BUNDLE_LOADER = "$(TEST_HOST)";
				FRAMEWORK_SEARCH_PATHS = "$(inherited)";
				GCC_PREPROCESSOR_DEFINITIONS = (
					"DEBUG=1",
					"$(inherited)",
				);
				INFOPLIST_FILE = SpiralTests/Info.plist;
				LD_RUNPATH_SEARCH_PATHS = "$(inherited) @executable_path/Frameworks @loader_path/Frameworks";
				PRODUCT_NAME = "$(TARGET_NAME)";
				TEST_HOST = "$(BUILT_PRODUCTS_DIR)/Spiral.app/Spiral";
			};
			name = Debug;
		};
		A4787769197113D000F6F611 /* Release */ = {
			isa = XCBuildConfiguration;
			buildSettings = {
				BUNDLE_LOADER = "$(TEST_HOST)";
				FRAMEWORK_SEARCH_PATHS = "$(inherited)";
				INFOPLIST_FILE = SpiralTests/Info.plist;
				LD_RUNPATH_SEARCH_PATHS = "$(inherited) @executable_path/Frameworks @loader_path/Frameworks";
				PRODUCT_NAME = "$(TARGET_NAME)";
				TEST_HOST = "$(BUILT_PRODUCTS_DIR)/Spiral.app/Spiral";
			};
			name = Release;
		};
/* End XCBuildConfiguration section */

/* Begin XCConfigurationList section */
		A478773F197113D000F6F611 /* Build configuration list for PBXProject "Spiral" */ = {
			isa = XCConfigurationList;
			buildConfigurations = (
				A4787762197113D000F6F611 /* Debug */,
				A4787763197113D000F6F611 /* Release */,
			);
			defaultConfigurationIsVisible = 0;
			defaultConfigurationName = Debug;
		};
		A4787764197113D000F6F611 /* Build configuration list for PBXNativeTarget "Spiral" */ = {
			isa = XCConfigurationList;
			buildConfigurations = (
				A4787765197113D000F6F611 /* Debug */,
				A4787766197113D000F6F611 /* Release */,
			);
			defaultConfigurationIsVisible = 0;
			defaultConfigurationName = Debug;
		};
		A4787767197113D000F6F611 /* Build configuration list for PBXNativeTarget "SpiralTests" */ = {
			isa = XCConfigurationList;
			buildConfigurations = (
				A4787768197113D000F6F611 /* Debug */,
				A4787769197113D000F6F611 /* Release */,
			);
			defaultConfigurationIsVisible = 0;
			defaultConfigurationName = Debug;
		};
/* End XCConfigurationList section */
	};
	rootObject = A478773C197113D000F6F611 /* Project object */;
}
